// !$*UTF8*$!
{
	archiveVersion = 1;
	classes = {
	};
	objectVersion = 55;
	objects = {

/* Begin PBXBuildFile section */
		3F0B780950BED104CA13722B /* Pods_TiquiTaca_iOS.framework in Frameworks */ = {isa = PBXBuildFile; fileRef = 6BE9660275CF15262D33E074 /* Pods_TiquiTaca_iOS.framework */; };
		732798BD47A40FA84BC24EEF /* Pods_TiquiTaca_iOSTests.framework in Frameworks */ = {isa = PBXBuildFile; fileRef = 90ED3E866555D3D7D6ABC769 /* Pods_TiquiTaca_iOSTests.framework */; };
		F2127640280FE07500FB568D /* TOSFieldListView.swift in Sources */ = {isa = PBXBuildFile; fileRef = F212763F280FE07500FB568D /* TOSFieldListView.swift */; };
		F2127642281021C700FB568D /* TermsOfServiceCore.swift in Sources */ = {isa = PBXBuildFile; fileRef = F2127641281021C700FB568D /* TermsOfServiceCore.swift */; };
		F2127644281191A800FB568D /* WebView.swift in Sources */ = {isa = PBXBuildFile; fileRef = F2127643281191A800FB568D /* WebView.swift */; };
		F21276462811C6D500FB568D /* TOSFieldListViewCore.swift in Sources */ = {isa = PBXBuildFile; fileRef = F21276452811C6D500FB568D /* TOSFieldListViewCore.swift */; };
		F248EB012813240500430C3B /* CreateProfileView.swift in Sources */ = {isa = PBXBuildFile; fileRef = F248EB002813240500430C3B /* CreateProfileView.swift */; };
		F248EB032813273A00430C3B /* CreateProfileCore.swift in Sources */ = {isa = PBXBuildFile; fileRef = F248EB022813273A00430C3B /* CreateProfileCore.swift */; };
		F248EB052813955000430C3B /* ProfileCharacterView.swift in Sources */ = {isa = PBXBuildFile; fileRef = F248EB042813955000430C3B /* ProfileCharacterView.swift */; };
		F248EB07281395CD00430C3B /* ProfileCharacterViewCore.swift in Sources */ = {isa = PBXBuildFile; fileRef = F248EB06281395CD00430C3B /* ProfileCharacterViewCore.swift */; };
		F248EB0A281399D000430C3B /* ProfileCharacterResource.swift in Sources */ = {isa = PBXBuildFile; fileRef = F248EB09281399D000430C3B /* ProfileCharacterResource.swift */; };
		F24B1EEF28086CA0003D4E1D /* .swiftlint.yml in Resources */ = {isa = PBXBuildFile; fileRef = F24B1EEE28086CA0003D4E1D /* .swiftlint.yml */; };
		F2C02C6D27F8824A004C4235 /* TiquiTaca_iOSApp.swift in Sources */ = {isa = PBXBuildFile; fileRef = F2C02C6C27F8824A004C4235 /* TiquiTaca_iOSApp.swift */; };
		F2C02C6F27F8824A004C4235 /* ContentView.swift in Sources */ = {isa = PBXBuildFile; fileRef = F2C02C6E27F8824A004C4235 /* ContentView.swift */; };
		F2C02C7127F8824C004C4235 /* Assets.xcassets in Resources */ = {isa = PBXBuildFile; fileRef = F2C02C7027F8824C004C4235 /* Assets.xcassets */; };
		F2C02C7427F8824C004C4235 /* Preview Assets.xcassets in Resources */ = {isa = PBXBuildFile; fileRef = F2C02C7327F8824C004C4235 /* Preview Assets.xcassets */; };
		F2C02C7E27F8824C004C4235 /* TiquiTaca_iOSTests.swift in Sources */ = {isa = PBXBuildFile; fileRef = F2C02C7D27F8824C004C4235 /* TiquiTaca_iOSTests.swift */; };
		F2C02CAA27F89A86004C4235 /* TTDesignSystemModule.framework in Frameworks */ = {isa = PBXBuildFile; fileRef = F2C02CA827F89A86004C4235 /* TTDesignSystemModule.framework */; };
		F2C02CAB27F89A86004C4235 /* TTDesignSystemModule.framework in Embed Frameworks */ = {isa = PBXBuildFile; fileRef = F2C02CA827F89A86004C4235 /* TTDesignSystemModule.framework */; settings = {ATTRIBUTES = (CodeSignOnCopy, RemoveHeadersOnCopy, ); }; };
		F2C02CAC27F89A86004C4235 /* TTNetworkModule.framework in Frameworks */ = {isa = PBXBuildFile; fileRef = F2C02CA927F89A86004C4235 /* TTNetworkModule.framework */; };
		F2C02CAD27F89A86004C4235 /* TTNetworkModule.framework in Embed Frameworks */ = {isa = PBXBuildFile; fileRef = F2C02CA927F89A86004C4235 /* TTNetworkModule.framework */; settings = {ATTRIBUTES = (CodeSignOnCopy, RemoveHeadersOnCopy, ); }; };
		F2FA365C2808897C00A24789 /* R.generated.swift in Sources */ = {isa = PBXBuildFile; fileRef = F2FA365B2808897C00A24789 /* R.generated.swift */; };
		F2FDA216280BBDAC00B2ED75 /* LaunchScreen.storyboard in Resources */ = {isa = PBXBuildFile; fileRef = F2FDA215280BBDAC00B2ED75 /* LaunchScreen.storyboard */; };
		F2FDA21A280BBF8300B2ED75 /* AppDelegate.swift in Sources */ = {isa = PBXBuildFile; fileRef = F2FDA219280BBF8300B2ED75 /* AppDelegate.swift */; };
		F2FDA228280C0EE300B2ED75 /* TermsOfServiceView.swift in Sources */ = {isa = PBXBuildFile; fileRef = F2FDA227280C0EE300B2ED75 /* TermsOfServiceView.swift */; };
/* End PBXBuildFile section */

/* Begin PBXContainerItemProxy section */
		F2C02C7A27F8824C004C4235 /* PBXContainerItemProxy */ = {
			isa = PBXContainerItemProxy;
			containerPortal = F2C02C6127F8824A004C4235 /* Project object */;
			proxyType = 1;
			remoteGlobalIDString = F2C02C6827F8824A004C4235;
			remoteInfo = TiquiTaca_iOS;
		};
/* End PBXContainerItemProxy section */

/* Begin PBXCopyFilesBuildPhase section */
		F2C02CAE27F89A86004C4235 /* Embed Frameworks */ = {
			isa = PBXCopyFilesBuildPhase;
			buildActionMask = 2147483647;
			dstPath = "";
			dstSubfolderSpec = 10;
			files = (
				F2C02CAB27F89A86004C4235 /* TTDesignSystemModule.framework in Embed Frameworks */,
				F2C02CAD27F89A86004C4235 /* TTNetworkModule.framework in Embed Frameworks */,
			);
			name = "Embed Frameworks";
			runOnlyForDeploymentPostprocessing = 0;
		};
/* End PBXCopyFilesBuildPhase section */

/* Begin PBXFileReference section */
		05987FBDD23F2EC17BC9A0EF /* Pods-TiquiTaca_iOSTests.debug.xcconfig */ = {isa = PBXFileReference; includeInIndex = 1; lastKnownFileType = text.xcconfig; name = "Pods-TiquiTaca_iOSTests.debug.xcconfig"; path = "Target Support Files/Pods-TiquiTaca_iOSTests/Pods-TiquiTaca_iOSTests.debug.xcconfig"; sourceTree = "<group>"; };
		6BE9660275CF15262D33E074 /* Pods_TiquiTaca_iOS.framework */ = {isa = PBXFileReference; explicitFileType = wrapper.framework; includeInIndex = 0; path = Pods_TiquiTaca_iOS.framework; sourceTree = BUILT_PRODUCTS_DIR; };
		90ED3E866555D3D7D6ABC769 /* Pods_TiquiTaca_iOSTests.framework */ = {isa = PBXFileReference; explicitFileType = wrapper.framework; includeInIndex = 0; path = Pods_TiquiTaca_iOSTests.framework; sourceTree = BUILT_PRODUCTS_DIR; };
		CCF68E71B934ECA70FBAFF46 /* Pods-TiquiTaca_iOS.release.xcconfig */ = {isa = PBXFileReference; includeInIndex = 1; lastKnownFileType = text.xcconfig; name = "Pods-TiquiTaca_iOS.release.xcconfig"; path = "Target Support Files/Pods-TiquiTaca_iOS/Pods-TiquiTaca_iOS.release.xcconfig"; sourceTree = "<group>"; };
		E28161D6F39CEC9BDD482E74 /* Pods-TiquiTaca_iOS.debug.xcconfig */ = {isa = PBXFileReference; includeInIndex = 1; lastKnownFileType = text.xcconfig; name = "Pods-TiquiTaca_iOS.debug.xcconfig"; path = "Target Support Files/Pods-TiquiTaca_iOS/Pods-TiquiTaca_iOS.debug.xcconfig"; sourceTree = "<group>"; };
		F212763F280FE07500FB568D /* TOSFieldListView.swift */ = {isa = PBXFileReference; lastKnownFileType = sourcecode.swift; path = TOSFieldListView.swift; sourceTree = "<group>"; };
		F2127641281021C700FB568D /* TermsOfServiceCore.swift */ = {isa = PBXFileReference; lastKnownFileType = sourcecode.swift; path = TermsOfServiceCore.swift; sourceTree = "<group>"; };
		F2127643281191A800FB568D /* WebView.swift */ = {isa = PBXFileReference; lastKnownFileType = sourcecode.swift; path = WebView.swift; sourceTree = "<group>"; };
		F21276452811C6D500FB568D /* TOSFieldListViewCore.swift */ = {isa = PBXFileReference; lastKnownFileType = sourcecode.swift; path = TOSFieldListViewCore.swift; sourceTree = "<group>"; };
		F248EB002813240500430C3B /* CreateProfileView.swift */ = {isa = PBXFileReference; lastKnownFileType = sourcecode.swift; path = CreateProfileView.swift; sourceTree = "<group>"; };
		F248EB022813273A00430C3B /* CreateProfileCore.swift */ = {isa = PBXFileReference; lastKnownFileType = sourcecode.swift; path = CreateProfileCore.swift; sourceTree = "<group>"; };
		F248EB042813955000430C3B /* ProfileCharacterView.swift */ = {isa = PBXFileReference; lastKnownFileType = sourcecode.swift; path = ProfileCharacterView.swift; sourceTree = "<group>"; };
		F248EB06281395CD00430C3B /* ProfileCharacterViewCore.swift */ = {isa = PBXFileReference; lastKnownFileType = sourcecode.swift; path = ProfileCharacterViewCore.swift; sourceTree = "<group>"; };
		F248EB09281399D000430C3B /* ProfileCharacterResource.swift */ = {isa = PBXFileReference; lastKnownFileType = sourcecode.swift; path = ProfileCharacterResource.swift; sourceTree = "<group>"; };
		F24B1EEE28086CA0003D4E1D /* .swiftlint.yml */ = {isa = PBXFileReference; fileEncoding = 4; lastKnownFileType = text.yaml; path = .swiftlint.yml; sourceTree = SOURCE_ROOT; };
		F2C02C6927F8824A004C4235 /* TiquiTaca.app */ = {isa = PBXFileReference; explicitFileType = wrapper.application; includeInIndex = 0; path = TiquiTaca.app; sourceTree = BUILT_PRODUCTS_DIR; };
		F2C02C6C27F8824A004C4235 /* TiquiTaca_iOSApp.swift */ = {isa = PBXFileReference; lastKnownFileType = sourcecode.swift; path = TiquiTaca_iOSApp.swift; sourceTree = "<group>"; };
		F2C02C6E27F8824A004C4235 /* ContentView.swift */ = {isa = PBXFileReference; lastKnownFileType = sourcecode.swift; path = ContentView.swift; sourceTree = "<group>"; };
		F2C02C7027F8824C004C4235 /* Assets.xcassets */ = {isa = PBXFileReference; lastKnownFileType = folder.assetcatalog; path = Assets.xcassets; sourceTree = "<group>"; };
		F2C02C7327F8824C004C4235 /* Preview Assets.xcassets */ = {isa = PBXFileReference; lastKnownFileType = folder.assetcatalog; path = "Preview Assets.xcassets"; sourceTree = "<group>"; };
		F2C02C7927F8824C004C4235 /* TiquiTaca_iOSTests.xctest */ = {isa = PBXFileReference; explicitFileType = wrapper.cfbundle; includeInIndex = 0; path = TiquiTaca_iOSTests.xctest; sourceTree = BUILT_PRODUCTS_DIR; };
		F2C02C7D27F8824C004C4235 /* TiquiTaca_iOSTests.swift */ = {isa = PBXFileReference; lastKnownFileType = sourcecode.swift; path = TiquiTaca_iOSTests.swift; sourceTree = "<group>"; };
		F2C02CA827F89A86004C4235 /* TTDesignSystemModule.framework */ = {isa = PBXFileReference; explicitFileType = wrapper.framework; path = TTDesignSystemModule.framework; sourceTree = BUILT_PRODUCTS_DIR; };
		F2C02CA927F89A86004C4235 /* TTNetworkModule.framework */ = {isa = PBXFileReference; explicitFileType = wrapper.framework; path = TTNetworkModule.framework; sourceTree = BUILT_PRODUCTS_DIR; };
		F2F1FFBE28049D7E00F3A8E4 /* Info.plist */ = {isa = PBXFileReference; lastKnownFileType = text.plist.xml; name = Info.plist; path = TiquiTaca_iOS/SupportingFile/Info.plist; sourceTree = SOURCE_ROOT; };
		F2FA365B2808897C00A24789 /* R.generated.swift */ = {isa = PBXFileReference; fileEncoding = 4; lastKnownFileType = sourcecode.swift; path = R.generated.swift; sourceTree = SOURCE_ROOT; };
		F2FDA215280BBDAC00B2ED75 /* LaunchScreen.storyboard */ = {isa = PBXFileReference; lastKnownFileType = file.storyboard; path = LaunchScreen.storyboard; sourceTree = "<group>"; };
		F2FDA219280BBF8300B2ED75 /* AppDelegate.swift */ = {isa = PBXFileReference; lastKnownFileType = sourcecode.swift; path = AppDelegate.swift; sourceTree = "<group>"; };
		F2FDA227280C0EE300B2ED75 /* TermsOfServiceView.swift */ = {isa = PBXFileReference; lastKnownFileType = sourcecode.swift; path = TermsOfServiceView.swift; sourceTree = "<group>"; };
		F5D04B5F76393475F2238F76 /* Pods-TiquiTaca_iOSTests.release.xcconfig */ = {isa = PBXFileReference; includeInIndex = 1; lastKnownFileType = text.xcconfig; name = "Pods-TiquiTaca_iOSTests.release.xcconfig"; path = "Target Support Files/Pods-TiquiTaca_iOSTests/Pods-TiquiTaca_iOSTests.release.xcconfig"; sourceTree = "<group>"; };
/* End PBXFileReference section */

/* Begin PBXFrameworksBuildPhase section */
		F2C02C6627F8824A004C4235 /* Frameworks */ = {
			isa = PBXFrameworksBuildPhase;
			buildActionMask = 2147483647;
			files = (
				F2C02CAA27F89A86004C4235 /* TTDesignSystemModule.framework in Frameworks */,
				F2C02CAC27F89A86004C4235 /* TTNetworkModule.framework in Frameworks */,
				3F0B780950BED104CA13722B /* Pods_TiquiTaca_iOS.framework in Frameworks */,
			);
			runOnlyForDeploymentPostprocessing = 0;
		};
		F2C02C7627F8824C004C4235 /* Frameworks */ = {
			isa = PBXFrameworksBuildPhase;
			buildActionMask = 2147483647;
			files = (
				732798BD47A40FA84BC24EEF /* Pods_TiquiTaca_iOSTests.framework in Frameworks */,
			);
			runOnlyForDeploymentPostprocessing = 0;
		};
/* End PBXFrameworksBuildPhase section */

/* Begin PBXGroup section */
		C588B14F79D2DB0B0D8975BC /* Pods */ = {
			isa = PBXGroup;
			children = (
				E28161D6F39CEC9BDD482E74 /* Pods-TiquiTaca_iOS.debug.xcconfig */,
				CCF68E71B934ECA70FBAFF46 /* Pods-TiquiTaca_iOS.release.xcconfig */,
				05987FBDD23F2EC17BC9A0EF /* Pods-TiquiTaca_iOSTests.debug.xcconfig */,
				F5D04B5F76393475F2238F76 /* Pods-TiquiTaca_iOSTests.release.xcconfig */,
			);
			path = Pods;
			sourceTree = "<group>";
		};
		F20992A82805CCD1002C170C /* SupportingFile */ = {
			isa = PBXGroup;
			children = (
				F2F1FFBE28049D7E00F3A8E4 /* Info.plist */,
				F24B1EEE28086CA0003D4E1D /* .swiftlint.yml */,
				F2FA365B2808897C00A24789 /* R.generated.swift */,
			);
			path = SupportingFile;
			sourceTree = "<group>";
		};
		F248EAFF281323D100430C3B /* CreateProfile */ = {
			isa = PBXGroup;
			children = (
				F248EB002813240500430C3B /* CreateProfileView.swift */,
				F248EB022813273A00430C3B /* CreateProfileCore.swift */,
			);
			path = CreateProfile;
			sourceTree = "<group>";
		};
		F248EB08281399A000430C3B /* ProfileCharacterView */ = {
			isa = PBXGroup;
			children = (
				F248EB042813955000430C3B /* ProfileCharacterView.swift */,
				F248EB06281395CD00430C3B /* ProfileCharacterViewCore.swift */,
				F248EB09281399D000430C3B /* ProfileCharacterResource.swift */,
			);
			path = ProfileCharacterView;
			sourceTree = "<group>";
		};
		F24B1EF028086DC2003D4E1D /* Resource */ = {
			isa = PBXGroup;
			children = (
				F2C02C7027F8824C004C4235 /* Assets.xcassets */,
				F24B1EF22808741B003D4E1D /* Preview Content */,
				F2FDA215280BBDAC00B2ED75 /* LaunchScreen.storyboard */,
			);
			path = Resource;
			sourceTree = "<group>";
		};
		F24B1EF22808741B003D4E1D /* Preview Content */ = {
			isa = PBXGroup;
			children = (
				F2C02C7327F8824C004C4235 /* Preview Assets.xcassets */,
			);
			path = "Preview Content";
			sourceTree = "<group>";
		};
		F2C02C6027F8824A004C4235 = {
			isa = PBXGroup;
			children = (
				F2C02C6B27F8824A004C4235 /* TiquiTaca_iOS */,
				F2C02C7C27F8824C004C4235 /* TiquiTaca_iOSTests */,
				F2C02C6A27F8824A004C4235 /* Products */,
				F2C02CA727F89A86004C4235 /* Frameworks */,
				C588B14F79D2DB0B0D8975BC /* Pods */,
			);
			sourceTree = "<group>";
		};
		F2C02C6A27F8824A004C4235 /* Products */ = {
			isa = PBXGroup;
			children = (
				F2C02C6927F8824A004C4235 /* TiquiTaca.app */,
				F2C02C7927F8824C004C4235 /* TiquiTaca_iOSTests.xctest */,
			);
			name = Products;
			sourceTree = "<group>";
		};
		F2C02C6B27F8824A004C4235 /* TiquiTaca_iOS */ = {
			isa = PBXGroup;
			children = (
				F2FDA219280BBF8300B2ED75 /* AppDelegate.swift */,
				F2C02C6C27F8824A004C4235 /* TiquiTaca_iOSApp.swift */,
				F2FDA211280BAF2200B2ED75 /* Components */,
				F2FDA212280BAF2B00B2ED75 /* Services */,
				F2FDA213280BAF3100B2ED75 /* Views */,
				F2FDA214280BAF3500B2ED75 /* Extensions */,
				F24B1EF028086DC2003D4E1D /* Resource */,
				F20992A82805CCD1002C170C /* SupportingFile */,
			);
			path = TiquiTaca_iOS;
			sourceTree = "<group>";
		};
		F2C02C7C27F8824C004C4235 /* TiquiTaca_iOSTests */ = {
			isa = PBXGroup;
			children = (
				F2C02C7D27F8824C004C4235 /* TiquiTaca_iOSTests.swift */,
			);
			path = TiquiTaca_iOSTests;
			sourceTree = "<group>";
		};
		F2C02CA727F89A86004C4235 /* Frameworks */ = {
			isa = PBXGroup;
			children = (
				F2C02CA827F89A86004C4235 /* TTDesignSystemModule.framework */,
				F2C02CA927F89A86004C4235 /* TTNetworkModule.framework */,
				6BE9660275CF15262D33E074 /* Pods_TiquiTaca_iOS.framework */,
				90ED3E866555D3D7D6ABC769 /* Pods_TiquiTaca_iOSTests.framework */,
			);
			name = Frameworks;
			sourceTree = "<group>";
		};
		F2FDA211280BAF2200B2ED75 /* Components */ = {
			isa = PBXGroup;
			children = (
			);
			path = Components;
			sourceTree = "<group>";
		};
		F2FDA212280BAF2B00B2ED75 /* Services */ = {
			isa = PBXGroup;
			children = (
			);
			path = Services;
			sourceTree = "<group>";
		};
		F2FDA213280BAF3100B2ED75 /* Views */ = {
			isa = PBXGroup;
			children = (
				F2127643281191A800FB568D /* WebView.swift */,
				F2C02C6E27F8824A004C4235 /* ContentView.swift */,
				F248EB08281399A000430C3B /* ProfileCharacterView */,
				F248EAFF281323D100430C3B /* CreateProfile */,
				F2FDA226280C0ECC00B2ED75 /* TermsOfService */,
			);
			path = Views;
			sourceTree = "<group>";
		};
		F2FDA214280BAF3500B2ED75 /* Extensions */ = {
			isa = PBXGroup;
			children = (
			);
			path = Extensions;
			sourceTree = "<group>";
		};
		F2FDA226280C0ECC00B2ED75 /* TermsOfService */ = {
			isa = PBXGroup;
			children = (
				F212763F280FE07500FB568D /* TOSFieldListView.swift */,
				F21276452811C6D500FB568D /* TOSFieldListViewCore.swift */,
				F2FDA227280C0EE300B2ED75 /* TermsOfServiceView.swift */,
				F2127641281021C700FB568D /* TermsOfServiceCore.swift */,
			);
			path = TermsOfService;
			sourceTree = "<group>";
		};
/* End PBXGroup section */

/* Begin PBXNativeTarget section */
		F2C02C6827F8824A004C4235 /* TiquiTaca_iOS */ = {
			isa = PBXNativeTarget;
			buildConfigurationList = F2C02C8D27F8824C004C4235 /* Build configuration list for PBXNativeTarget "TiquiTaca_iOS" */;
			buildPhases = (
				BD3CF7E3E7E022E0969F7A18 /* [CP] Check Pods Manifest.lock */,
				F2F1FFBF2804A2AA00F3A8E4 /* Run Swiftlint */,
				F24B1EF12808728F003D4E1D /* R.swift */,
				F2C02C6527F8824A004C4235 /* Sources */,
				F2C02C6627F8824A004C4235 /* Frameworks */,
				F2C02C6727F8824A004C4235 /* Resources */,
				F2C02CAE27F89A86004C4235 /* Embed Frameworks */,
				CF32979773B2B9262F48FBB4 /* [CP] Embed Pods Frameworks */,
			);
			buildRules = (
			);
			dependencies = (
			);
			name = TiquiTaca_iOS;
			productName = TiquiTaca_iOS;
			productReference = F2C02C6927F8824A004C4235 /* TiquiTaca.app */;
			productType = "com.apple.product-type.application";
		};
		F2C02C7827F8824C004C4235 /* TiquiTaca_iOSTests */ = {
			isa = PBXNativeTarget;
			buildConfigurationList = F2C02C9027F8824C004C4235 /* Build configuration list for PBXNativeTarget "TiquiTaca_iOSTests" */;
			buildPhases = (
				C8EF9C14223E3EC9F994B50D /* [CP] Check Pods Manifest.lock */,
				F2C02C7527F8824C004C4235 /* Sources */,
				F2C02C7627F8824C004C4235 /* Frameworks */,
				F2C02C7727F8824C004C4235 /* Resources */,
			);
			buildRules = (
			);
			dependencies = (
				F2C02C7B27F8824C004C4235 /* PBXTargetDependency */,
			);
			name = TiquiTaca_iOSTests;
			productName = TiquiTaca_iOSTests;
			productReference = F2C02C7927F8824C004C4235 /* TiquiTaca_iOSTests.xctest */;
			productType = "com.apple.product-type.bundle.unit-test";
		};
/* End PBXNativeTarget section */

/* Begin PBXProject section */
		F2C02C6127F8824A004C4235 /* Project object */ = {
			isa = PBXProject;
			attributes = {
				BuildIndependentTargetsInParallel = 1;
				LastSwiftUpdateCheck = 1330;
				LastUpgradeCheck = 1330;
				TargetAttributes = {
					F2C02C6827F8824A004C4235 = {
						CreatedOnToolsVersion = 13.3;
					};
					F2C02C7827F8824C004C4235 = {
						CreatedOnToolsVersion = 13.3;
						TestTargetID = F2C02C6827F8824A004C4235;
					};
				};
			};
			buildConfigurationList = F2C02C6427F8824A004C4235 /* Build configuration list for PBXProject "TiquiTaca_iOS" */;
			compatibilityVersion = "Xcode 13.0";
			developmentRegion = en;
			hasScannedForEncodings = 0;
			knownRegions = (
				en,
				Base,
			);
			mainGroup = F2C02C6027F8824A004C4235;
			productRefGroup = F2C02C6A27F8824A004C4235 /* Products */;
			projectDirPath = "";
			projectRoot = "";
			targets = (
				F2C02C6827F8824A004C4235 /* TiquiTaca_iOS */,
				F2C02C7827F8824C004C4235 /* TiquiTaca_iOSTests */,
			);
		};
/* End PBXProject section */

/* Begin PBXResourcesBuildPhase section */
		F2C02C6727F8824A004C4235 /* Resources */ = {
			isa = PBXResourcesBuildPhase;
			buildActionMask = 2147483647;
			files = (
				F24B1EEF28086CA0003D4E1D /* .swiftlint.yml in Resources */,
				F2C02C7427F8824C004C4235 /* Preview Assets.xcassets in Resources */,
				F2FDA216280BBDAC00B2ED75 /* LaunchScreen.storyboard in Resources */,
				F2C02C7127F8824C004C4235 /* Assets.xcassets in Resources */,
			);
			runOnlyForDeploymentPostprocessing = 0;
		};
		F2C02C7727F8824C004C4235 /* Resources */ = {
			isa = PBXResourcesBuildPhase;
			buildActionMask = 2147483647;
			files = (
			);
			runOnlyForDeploymentPostprocessing = 0;
		};
/* End PBXResourcesBuildPhase section */

/* Begin PBXShellScriptBuildPhase section */
		BD3CF7E3E7E022E0969F7A18 /* [CP] Check Pods Manifest.lock */ = {
			isa = PBXShellScriptBuildPhase;
			buildActionMask = 2147483647;
			files = (
			);
			inputFileListPaths = (
			);
			inputPaths = (
				"${PODS_PODFILE_DIR_PATH}/Podfile.lock",
				"${PODS_ROOT}/Manifest.lock",
			);
			name = "[CP] Check Pods Manifest.lock";
			outputFileListPaths = (
			);
			outputPaths = (
				"$(DERIVED_FILE_DIR)/Pods-TiquiTaca_iOS-checkManifestLockResult.txt",
			);
			runOnlyForDeploymentPostprocessing = 0;
			shellPath = /bin/sh;
			shellScript = "diff \"${PODS_PODFILE_DIR_PATH}/Podfile.lock\" \"${PODS_ROOT}/Manifest.lock\" > /dev/null\nif [ $? != 0 ] ; then\n    # print error to STDERR\n    echo \"error: The sandbox is not in sync with the Podfile.lock. Run 'pod install' or update your CocoaPods installation.\" >&2\n    exit 1\nfi\n# This output is used by Xcode 'outputs' to avoid re-running this script phase.\necho \"SUCCESS\" > \"${SCRIPT_OUTPUT_FILE_0}\"\n";
			showEnvVarsInLog = 0;
		};
		C8EF9C14223E3EC9F994B50D /* [CP] Check Pods Manifest.lock */ = {
			isa = PBXShellScriptBuildPhase;
			buildActionMask = 2147483647;
			files = (
			);
			inputFileListPaths = (
			);
			inputPaths = (
				"${PODS_PODFILE_DIR_PATH}/Podfile.lock",
				"${PODS_ROOT}/Manifest.lock",
			);
			name = "[CP] Check Pods Manifest.lock";
			outputFileListPaths = (
			);
			outputPaths = (
				"$(DERIVED_FILE_DIR)/Pods-TiquiTaca_iOSTests-checkManifestLockResult.txt",
			);
			runOnlyForDeploymentPostprocessing = 0;
			shellPath = /bin/sh;
			shellScript = "diff \"${PODS_PODFILE_DIR_PATH}/Podfile.lock\" \"${PODS_ROOT}/Manifest.lock\" > /dev/null\nif [ $? != 0 ] ; then\n    # print error to STDERR\n    echo \"error: The sandbox is not in sync with the Podfile.lock. Run 'pod install' or update your CocoaPods installation.\" >&2\n    exit 1\nfi\n# This output is used by Xcode 'outputs' to avoid re-running this script phase.\necho \"SUCCESS\" > \"${SCRIPT_OUTPUT_FILE_0}\"\n";
			showEnvVarsInLog = 0;
		};
		CF32979773B2B9262F48FBB4 /* [CP] Embed Pods Frameworks */ = {
			isa = PBXShellScriptBuildPhase;
			buildActionMask = 2147483647;
			files = (
			);
			inputFileListPaths = (
				"${PODS_ROOT}/Target Support Files/Pods-TiquiTaca_iOS/Pods-TiquiTaca_iOS-frameworks-${CONFIGURATION}-input-files.xcfilelist",
			);
			name = "[CP] Embed Pods Frameworks";
			outputFileListPaths = (
				"${PODS_ROOT}/Target Support Files/Pods-TiquiTaca_iOS/Pods-TiquiTaca_iOS-frameworks-${CONFIGURATION}-output-files.xcfilelist",
			);
			runOnlyForDeploymentPostprocessing = 0;
			shellPath = /bin/sh;
			shellScript = "\"${PODS_ROOT}/Target Support Files/Pods-TiquiTaca_iOS/Pods-TiquiTaca_iOS-frameworks.sh\"\n";
			showEnvVarsInLog = 0;
		};
		F24B1EF12808728F003D4E1D /* R.swift */ = {
			isa = PBXShellScriptBuildPhase;
			alwaysOutOfDate = 1;
			buildActionMask = 2147483647;
			files = (
			);
			inputFileListPaths = (
			);
			inputPaths = (
			);
			name = R.swift;
			outputFileListPaths = (
			);
			outputPaths = (
				$SRCROOT/R.generated.swift,
			);
			runOnlyForDeploymentPostprocessing = 0;
			shellPath = /bin/sh;
			shellScript = "\"$PODS_ROOT/R.swift/rswift\" generate \"$SRCROOT/R.generated.swift\"\n";
		};
		F2F1FFBF2804A2AA00F3A8E4 /* Run Swiftlint */ = {
			isa = PBXShellScriptBuildPhase;
			buildActionMask = 2147483647;
			files = (
			);
			inputFileListPaths = (
			);
			inputPaths = (
			);
			name = "Run Swiftlint";
			outputFileListPaths = (
			);
			outputPaths = (
			);
			runOnlyForDeploymentPostprocessing = 0;
			shellPath = /bin/sh;
			shellScript = "\"${PODS_ROOT}/SwiftLint/swiftlint\"\n";
		};
/* End PBXShellScriptBuildPhase section */

/* Begin PBXSourcesBuildPhase section */
		F2C02C6527F8824A004C4235 /* Sources */ = {
			isa = PBXSourcesBuildPhase;
			buildActionMask = 2147483647;
			files = (
				F2FDA228280C0EE300B2ED75 /* TermsOfServiceView.swift in Sources */,
				F2127644281191A800FB568D /* WebView.swift in Sources */,
				F2FDA21A280BBF8300B2ED75 /* AppDelegate.swift in Sources */,
				F248EB07281395CD00430C3B /* ProfileCharacterViewCore.swift in Sources */,
				F2127640280FE07500FB568D /* TOSFieldListView.swift in Sources */,
				F248EB012813240500430C3B /* CreateProfileView.swift in Sources */,
				F2C02C6F27F8824A004C4235 /* ContentView.swift in Sources */,
				F248EB032813273A00430C3B /* CreateProfileCore.swift in Sources */,
				F2127642281021C700FB568D /* TermsOfServiceCore.swift in Sources */,
				F21276462811C6D500FB568D /* TOSFieldListViewCore.swift in Sources */,
				F2C02C6D27F8824A004C4235 /* TiquiTaca_iOSApp.swift in Sources */,
				F248EB0A281399D000430C3B /* ProfileCharacterResource.swift in Sources */,
				F248EB052813955000430C3B /* ProfileCharacterView.swift in Sources */,
				F2FA365C2808897C00A24789 /* R.generated.swift in Sources */,
			);
			runOnlyForDeploymentPostprocessing = 0;
		};
		F2C02C7527F8824C004C4235 /* Sources */ = {
			isa = PBXSourcesBuildPhase;
			buildActionMask = 2147483647;
			files = (
				F2C02C7E27F8824C004C4235 /* TiquiTaca_iOSTests.swift in Sources */,
			);
			runOnlyForDeploymentPostprocessing = 0;
		};
/* End PBXSourcesBuildPhase section */

/* Begin PBXTargetDependency section */
		F2C02C7B27F8824C004C4235 /* PBXTargetDependency */ = {
			isa = PBXTargetDependency;
			target = F2C02C6827F8824A004C4235 /* TiquiTaca_iOS */;
			targetProxy = F2C02C7A27F8824C004C4235 /* PBXContainerItemProxy */;
		};
/* End PBXTargetDependency section */

/* Begin XCBuildConfiguration section */
		F2C02C8B27F8824C004C4235 /* Debug */ = {
			isa = XCBuildConfiguration;
			buildSettings = {
				ALWAYS_SEARCH_USER_PATHS = NO;
				CLANG_ANALYZER_NONNULL = YES;
				CLANG_ANALYZER_NUMBER_OBJECT_CONVERSION = YES_AGGRESSIVE;
				CLANG_CXX_LANGUAGE_STANDARD = "gnu++17";
				CLANG_ENABLE_MODULES = YES;
				CLANG_ENABLE_OBJC_ARC = YES;
				CLANG_ENABLE_OBJC_WEAK = YES;
				CLANG_WARN_BLOCK_CAPTURE_AUTORELEASING = YES;
				CLANG_WARN_BOOL_CONVERSION = YES;
				CLANG_WARN_COMMA = YES;
				CLANG_WARN_CONSTANT_CONVERSION = YES;
				CLANG_WARN_DEPRECATED_OBJC_IMPLEMENTATIONS = YES;
				CLANG_WARN_DIRECT_OBJC_ISA_USAGE = YES_ERROR;
				CLANG_WARN_DOCUMENTATION_COMMENTS = YES;
				CLANG_WARN_EMPTY_BODY = YES;
				CLANG_WARN_ENUM_CONVERSION = YES;
				CLANG_WARN_INFINITE_RECURSION = YES;
				CLANG_WARN_INT_CONVERSION = YES;
				CLANG_WARN_NON_LITERAL_NULL_CONVERSION = YES;
				CLANG_WARN_OBJC_IMPLICIT_RETAIN_SELF = YES;
				CLANG_WARN_OBJC_LITERAL_CONVERSION = YES;
				CLANG_WARN_OBJC_ROOT_CLASS = YES_ERROR;
				CLANG_WARN_QUOTED_INCLUDE_IN_FRAMEWORK_HEADER = YES;
				CLANG_WARN_RANGE_LOOP_ANALYSIS = YES;
				CLANG_WARN_STRICT_PROTOTYPES = YES;
				CLANG_WARN_SUSPICIOUS_MOVE = YES;
				CLANG_WARN_UNGUARDED_AVAILABILITY = YES_AGGRESSIVE;
				CLANG_WARN_UNREACHABLE_CODE = YES;
				CLANG_WARN__DUPLICATE_METHOD_MATCH = YES;
				COPY_PHASE_STRIP = NO;
				DEBUG_INFORMATION_FORMAT = dwarf;
				ENABLE_STRICT_OBJC_MSGSEND = YES;
				ENABLE_TESTABILITY = YES;
				GCC_C_LANGUAGE_STANDARD = gnu11;
				GCC_DYNAMIC_NO_PIC = NO;
				GCC_NO_COMMON_BLOCKS = YES;
				GCC_OPTIMIZATION_LEVEL = 0;
				GCC_PREPROCESSOR_DEFINITIONS = (
					"DEBUG=1",
					"$(inherited)",
				);
				GCC_WARN_64_TO_32_BIT_CONVERSION = YES;
				GCC_WARN_ABOUT_RETURN_TYPE = YES_ERROR;
				GCC_WARN_UNDECLARED_SELECTOR = YES;
				GCC_WARN_UNINITIALIZED_AUTOS = YES_AGGRESSIVE;
				GCC_WARN_UNUSED_FUNCTION = YES;
				GCC_WARN_UNUSED_VARIABLE = YES;
				IPHONEOS_DEPLOYMENT_TARGET = 15.0;
				MTL_ENABLE_DEBUG_INFO = INCLUDE_SOURCE;
				MTL_FAST_MATH = YES;
				ONLY_ACTIVE_ARCH = YES;
				SDKROOT = iphoneos;
				SWIFT_ACTIVE_COMPILATION_CONDITIONS = DEBUG;
				SWIFT_OPTIMIZATION_LEVEL = "-Onone";
			};
			name = Debug;
		};
		F2C02C8C27F8824C004C4235 /* Release */ = {
			isa = XCBuildConfiguration;
			buildSettings = {
				ALWAYS_SEARCH_USER_PATHS = NO;
				CLANG_ANALYZER_NONNULL = YES;
				CLANG_ANALYZER_NUMBER_OBJECT_CONVERSION = YES_AGGRESSIVE;
				CLANG_CXX_LANGUAGE_STANDARD = "gnu++17";
				CLANG_ENABLE_MODULES = YES;
				CLANG_ENABLE_OBJC_ARC = YES;
				CLANG_ENABLE_OBJC_WEAK = YES;
				CLANG_WARN_BLOCK_CAPTURE_AUTORELEASING = YES;
				CLANG_WARN_BOOL_CONVERSION = YES;
				CLANG_WARN_COMMA = YES;
				CLANG_WARN_CONSTANT_CONVERSION = YES;
				CLANG_WARN_DEPRECATED_OBJC_IMPLEMENTATIONS = YES;
				CLANG_WARN_DIRECT_OBJC_ISA_USAGE = YES_ERROR;
				CLANG_WARN_DOCUMENTATION_COMMENTS = YES;
				CLANG_WARN_EMPTY_BODY = YES;
				CLANG_WARN_ENUM_CONVERSION = YES;
				CLANG_WARN_INFINITE_RECURSION = YES;
				CLANG_WARN_INT_CONVERSION = YES;
				CLANG_WARN_NON_LITERAL_NULL_CONVERSION = YES;
				CLANG_WARN_OBJC_IMPLICIT_RETAIN_SELF = YES;
				CLANG_WARN_OBJC_LITERAL_CONVERSION = YES;
				CLANG_WARN_OBJC_ROOT_CLASS = YES_ERROR;
				CLANG_WARN_QUOTED_INCLUDE_IN_FRAMEWORK_HEADER = YES;
				CLANG_WARN_RANGE_LOOP_ANALYSIS = YES;
				CLANG_WARN_STRICT_PROTOTYPES = YES;
				CLANG_WARN_SUSPICIOUS_MOVE = YES;
				CLANG_WARN_UNGUARDED_AVAILABILITY = YES_AGGRESSIVE;
				CLANG_WARN_UNREACHABLE_CODE = YES;
				CLANG_WARN__DUPLICATE_METHOD_MATCH = YES;
				COPY_PHASE_STRIP = NO;
				DEBUG_INFORMATION_FORMAT = "dwarf-with-dsym";
				ENABLE_NS_ASSERTIONS = NO;
				ENABLE_STRICT_OBJC_MSGSEND = YES;
				GCC_C_LANGUAGE_STANDARD = gnu11;
				GCC_NO_COMMON_BLOCKS = YES;
				GCC_WARN_64_TO_32_BIT_CONVERSION = YES;
				GCC_WARN_ABOUT_RETURN_TYPE = YES_ERROR;
				GCC_WARN_UNDECLARED_SELECTOR = YES;
				GCC_WARN_UNINITIALIZED_AUTOS = YES_AGGRESSIVE;
				GCC_WARN_UNUSED_FUNCTION = YES;
				GCC_WARN_UNUSED_VARIABLE = YES;
				IPHONEOS_DEPLOYMENT_TARGET = 15.0;
				MTL_ENABLE_DEBUG_INFO = NO;
				MTL_FAST_MATH = YES;
				SDKROOT = iphoneos;
				SWIFT_COMPILATION_MODE = wholemodule;
				SWIFT_OPTIMIZATION_LEVEL = "-O";
				VALIDATE_PRODUCT = YES;
			};
			name = Release;
		};
		F2C02C8E27F8824C004C4235 /* Debug */ = {
			isa = XCBuildConfiguration;
			baseConfigurationReference = E28161D6F39CEC9BDD482E74 /* Pods-TiquiTaca_iOS.debug.xcconfig */;
			buildSettings = {
				ASSETCATALOG_COMPILER_APPICON_NAME = AppIcon;
				ASSETCATALOG_COMPILER_GLOBAL_ACCENT_COLOR_NAME = AccentColor;
				CODE_SIGN_IDENTITY = "Apple Development";
				CODE_SIGN_STYLE = Automatic;
				CURRENT_PROJECT_VERSION = 1;
				DEVELOPMENT_ASSET_PATHS = "\"TiquiTaca_iOS/Resource/Preview Content\"";
				DEVELOPMENT_TEAM = 75FNRKTJ9S;
				ENABLE_PREVIEWS = YES;
				GENERATE_INFOPLIST_FILE = NO;
				INFOPLIST_FILE = TiquiTaca_iOS/SupportingFile/Info.plist;
				INFOPLIST_KEY_UIApplicationSceneManifest_Generation = YES;
				INFOPLIST_KEY_UIApplicationSupportsIndirectInputEvents = YES;
				INFOPLIST_KEY_UILaunchScreen_Generation = YES;
				INFOPLIST_KEY_UISupportedInterfaceOrientations_iPad = "UIInterfaceOrientationPortrait UIInterfaceOrientationPortraitUpsideDown UIInterfaceOrientationLandscapeLeft UIInterfaceOrientationLandscapeRight";
				INFOPLIST_KEY_UISupportedInterfaceOrientations_iPhone = "UIInterfaceOrientationPortrait UIInterfaceOrientationLandscapeLeft UIInterfaceOrientationLandscapeRight";
				IPHONEOS_DEPLOYMENT_TARGET = 15.0;
				LD_RUNPATH_SEARCH_PATHS = (
					"$(inherited)",
					"@executable_path/Frameworks",
				);
				MARKETING_VERSION = 0.2;
				PRODUCT_BUNDLE_IDENTIFIER = "com.tiquitaca.TiquiTaca-iOS";
				PRODUCT_NAME = TiquiTaca;
				PROVISIONING_PROFILE_SPECIFIER = "";
				SWIFT_EMIT_LOC_STRINGS = YES;
				SWIFT_VERSION = 5.0;
				TARGETED_DEVICE_FAMILY = "1,2";
			};
			name = Debug;
		};
		F2C02C8F27F8824C004C4235 /* Release */ = {
			isa = XCBuildConfiguration;
			baseConfigurationReference = CCF68E71B934ECA70FBAFF46 /* Pods-TiquiTaca_iOS.release.xcconfig */;
			buildSettings = {
				ASSETCATALOG_COMPILER_APPICON_NAME = AppIcon;
				ASSETCATALOG_COMPILER_GLOBAL_ACCENT_COLOR_NAME = AccentColor;
				CODE_SIGN_IDENTITY = "iPhone Distribution: Minseok Kang (75FNRKTJ9S)";
				CODE_SIGN_STYLE = Manual;
				CURRENT_PROJECT_VERSION = 1;
				DEVELOPMENT_ASSET_PATHS = "\"TiquiTaca_iOS/Resource/Preview Content\"";
				DEVELOPMENT_TEAM = 75FNRKTJ9S;
				ENABLE_PREVIEWS = YES;
				GENERATE_INFOPLIST_FILE = NO;
				INFOPLIST_FILE = TiquiTaca_iOS/SupportingFile/Info.plist;
				INFOPLIST_KEY_UIApplicationSceneManifest_Generation = YES;
				INFOPLIST_KEY_UIApplicationSupportsIndirectInputEvents = YES;
				INFOPLIST_KEY_UILaunchScreen_Generation = YES;
				INFOPLIST_KEY_UISupportedInterfaceOrientations_iPad = "UIInterfaceOrientationPortrait UIInterfaceOrientationPortraitUpsideDown UIInterfaceOrientationLandscapeLeft UIInterfaceOrientationLandscapeRight";
				INFOPLIST_KEY_UISupportedInterfaceOrientations_iPhone = "UIInterfaceOrientationPortrait UIInterfaceOrientationLandscapeLeft UIInterfaceOrientationLandscapeRight";
				IPHONEOS_DEPLOYMENT_TARGET = 15.0;
				LD_RUNPATH_SEARCH_PATHS = (
					"$(inherited)",
					"@executable_path/Frameworks",
				);
				MARKETING_VERSION = 0.2;
				PRODUCT_BUNDLE_IDENTIFIER = "com.tiquitaca.TiquiTaca-iOS";
				PRODUCT_NAME = TiquiTaca;
				PROVISIONING_PROFILE_SPECIFIER = appStore_tiquiTaca;
				SWIFT_EMIT_LOC_STRINGS = YES;
				SWIFT_VERSION = 5.0;
				TARGETED_DEVICE_FAMILY = "1,2";
			};
			name = Release;
		};
		F2C02C9127F8824C004C4235 /* Debug */ = {
			isa = XCBuildConfiguration;
			baseConfigurationReference = 05987FBDD23F2EC17BC9A0EF /* Pods-TiquiTaca_iOSTests.debug.xcconfig */;
			buildSettings = {
				ALWAYS_EMBED_SWIFT_STANDARD_LIBRARIES = YES;
				BUNDLE_LOADER = "$(TEST_HOST)";
				CODE_SIGN_STYLE = Automatic;
				CURRENT_PROJECT_VERSION = 1;
				DEVELOPMENT_TEAM = 75FNRKTJ9S;
				GENERATE_INFOPLIST_FILE = YES;
				IPHONEOS_DEPLOYMENT_TARGET = 15.0;
				MARKETING_VERSION = 1.0;
				PRODUCT_BUNDLE_IDENTIFIER = "com.tiquitaca.TiquiTaca-iOSTests";
				PRODUCT_NAME = "$(TARGET_NAME)";
				SWIFT_EMIT_LOC_STRINGS = NO;
				SWIFT_VERSION = 5.0;
				TARGETED_DEVICE_FAMILY = "1,2";
				TEST_HOST = "$(BUILT_PRODUCTS_DIR)/TiquiTaca.app/TiquiTaca";
			};
			name = Debug;
		};
		F2C02C9227F8824C004C4235 /* Release */ = {
			isa = XCBuildConfiguration;
			baseConfigurationReference = F5D04B5F76393475F2238F76 /* Pods-TiquiTaca_iOSTests.release.xcconfig */;
			buildSettings = {
				ALWAYS_EMBED_SWIFT_STANDARD_LIBRARIES = YES;
				BUNDLE_LOADER = "$(TEST_HOST)";
				CODE_SIGN_STYLE = Automatic;
				CURRENT_PROJECT_VERSION = 1;
				DEVELOPMENT_TEAM = 75FNRKTJ9S;
				GENERATE_INFOPLIST_FILE = YES;
				IPHONEOS_DEPLOYMENT_TARGET = 15.0;
				MARKETING_VERSION = 1.0;
				PRODUCT_BUNDLE_IDENTIFIER = "com.tiquitaca.TiquiTaca-iOSTests";
				PRODUCT_NAME = "$(TARGET_NAME)";
				SWIFT_EMIT_LOC_STRINGS = NO;
				SWIFT_VERSION = 5.0;
				TARGETED_DEVICE_FAMILY = "1,2";
				TEST_HOST = "$(BUILT_PRODUCTS_DIR)/TiquiTaca.app/TiquiTaca";
			};
			name = Release;
		};
/* End XCBuildConfiguration section */

/* Begin XCConfigurationList section */
		F2C02C6427F8824A004C4235 /* Build configuration list for PBXProject "TiquiTaca_iOS" */ = {
			isa = XCConfigurationList;
			buildConfigurations = (
				F2C02C8B27F8824C004C4235 /* Debug */,
				F2C02C8C27F8824C004C4235 /* Release */,
			);
			defaultConfigurationIsVisible = 0;
			defaultConfigurationName = Release;
		};
		F2C02C8D27F8824C004C4235 /* Build configuration list for PBXNativeTarget "TiquiTaca_iOS" */ = {
			isa = XCConfigurationList;
			buildConfigurations = (
				F2C02C8E27F8824C004C4235 /* Debug */,
				F2C02C8F27F8824C004C4235 /* Release */,
			);
			defaultConfigurationIsVisible = 0;
			defaultConfigurationName = Release;
		};
		F2C02C9027F8824C004C4235 /* Build configuration list for PBXNativeTarget "TiquiTaca_iOSTests" */ = {
			isa = XCConfigurationList;
			buildConfigurations = (
				F2C02C9127F8824C004C4235 /* Debug */,
				F2C02C9227F8824C004C4235 /* Release */,
			);
			defaultConfigurationIsVisible = 0;
			defaultConfigurationName = Release;
		};
/* End XCConfigurationList section */
	};
	rootObject = F2C02C6127F8824A004C4235 /* Project object */;
}
